
Microsoft Visual Studio Solution File, Format Version 12.00
# Visual Studio Version 17
VisualStudioVersion = 17.2.32526.322
MinimumVisualStudioVersion = 10.0.40219.1
Project("{FAE04EC0-301F-11D3-BF4B-00C04F79EFBC}") = "PDC03_PracTest.Android", "PDC03_PracTest\PDC03_PracTest.Android\PDC03_PracTest.Android.csproj", "{496867C4-A3C7-458E-A3F3-ABAA206FCFA8}"
EndProject
Project("{FAE04EC0-301F-11D3-BF4B-00C04F79EFBC}") = "PDC03_PracTest.iOS", "PDC03_PracTest\PDC03_PracTest.iOS\PDC03_PracTest.iOS.csproj", "{82EA8345-1C3D-45FB-97FD-37E6FD4E7E7A}"
EndProject
Project("{9A19103F-16F7-4668-BE54-9A1E7A4F7556}") = "PDC03_PracTest", "PDC03_PracTest\PDC03_PracTest\PDC03_PracTest.csproj", "{0E1F4B70-BF82-40DF-89FF-5D7CD7A59A7D}"
EndProject
Global
	GlobalSection(SolutionConfigurationPlatforms) = preSolution
		Debug|Any CPU = Debug|Any CPU
		Debug|iPhone = Debug|iPhone
		Debug|iPhoneSimulator = Debug|iPhoneSimulator
		Release|Any CPU = Release|Any CPU
		Release|iPhone = Release|iPhone
		Release|iPhoneSimulator = Release|iPhoneSimulator
	EndGlobalSection
	GlobalSection(ProjectConfigurationPlatforms) = postSolution
		{496867C4-A3C7-458E-A3F3-ABAA206FCFA8}.Debug|Any CPU.ActiveCfg = Debug|Any CPU
		{496867C4-A3C7-458E-A3F3-ABAA206FCFA8}.Debug|Any CPU.Build.0 = Debug|Any CPU
		{496867C4-A3C7-458E-A3F3-ABAA206FCFA8}.Debug|Any CPU.Deploy.0 = Debug|Any CPU
		{496867C4-A3C7-458E-A3F3-ABAA206FCFA8}.Debug|iPhone.ActiveCfg = Debug|Any CPU
		{496867C4-A3C7-458E-A3F3-ABAA206FCFA8}.Debug|iPhone.Build.0 = Debug|Any CPU
		{496867C4-A3C7-458E-A3F3-ABAA206FCFA8}.Debug|iPhone.Deploy.0 = Debug|Any CPU
		{496867C4-A3C7-458E-A3F3-ABAA206FCFA8}.Debug|iPhoneSimulator.ActiveCfg = Debug|Any CPU
		{496867C4-A3C7-458E-A3F3-ABAA206FCFA8}.Debug|iPhoneSimulator.Build.0 = Debug|Any CPU
		{496867C4-A3C7-458E-A3F3-ABAA206FCFA8}.Debug|iPhoneSimulator.Deploy.0 = Debug|Any CPU
		{496867C4-A3C7-458E-A3F3-ABAA206FCFA8}.Release|Any CPU.ActiveCfg = Release|Any CPU
		{496867C4-A3C7-458E-A3F3-ABAA206FCFA8}.Release|Any CPU.Build.0 = Release|Any CPU
		{496867C4-A3C7-458E-A3F3-ABAA206FCFA8}.Release|Any CPU.Deploy.0 = Release|Any CPU
		{496867C4-A3C7-458E-A3F3-ABAA206FCFA8}.Release|iPhone.ActiveCfg = Release|Any CPU
		{496867C4-A3C7-458E-A3F3-ABAA206FCFA8}.Release|iPhone.Build.0 = Release|Any CPU
		{496867C4-A3C7-458E-A3F3-ABAA206FCFA8}.Release|iPhone.Deploy.0 = Release|Any CPU
		{496867C4-A3C7-458E-A3F3-ABAA206FCFA8}.Release|iPhoneSimulator.ActiveCfg = Release|Any CPU
		{496867C4-A3C7-458E-A3F3-ABAA206FCFA8}.Release|iPhoneSimulator.Build.0 = Release|Any CPU
		{496867C4-A3C7-458E-A3F3-ABAA206FCFA8}.Release|iPhoneSimulator.Deploy.0 = Release|Any CPU
		{82EA8345-1C3D-45FB-97FD-37E6FD4E7E7A}.Debug|Any CPU.ActiveCfg = Debug|iPhone
		{82EA8345-1C3D-45FB-97FD-37E6FD4E7E7A}.Debug|Any CPU.Build.0 = Debug|iPhone
		{82EA8345-1C3D-45FB-97FD-37E6FD4E7E7A}.Debug|Any CPU.Deploy.0 = Debug|iPhone
		{82EA8345-1C3D-45FB-97FD-37E6FD4E7E7A}.Debug|iPhone.ActiveCfg = Debug|iPhone
		{82EA8345-1C3D-45FB-97FD-37E6FD4E7E7A}.Debug|iPhone.Build.0 = Debug|iPhone
		{82EA8345-1C3D-45FB-97FD-37E6FD4E7E7A}.Debug|iPhone.Deploy.0 = Debug|iPhone
		{82EA8345-1C3D-45FB-97FD-37E6FD4E7E7A}.Debug|iPhoneSimulator.ActiveCfg = Debug|iPhoneSimulator
		{82EA8345-1C3D-45FB-97FD-37E6FD4E7E7A}.Debug|iPhoneSimulator.Build.0 = Debug|iPhoneSimulator
		{82EA8345-1C3D-45FB-97FD-37E6FD4E7E7A}.Debug|iPhoneSimulator.Deploy.0 = Debug|iPhoneSimulator
		{82EA8345-1C3D-45FB-97FD-37E6FD4E7E7A}.Release|Any CPU.ActiveCfg = Release|iPhoneSimulator
		{82EA8345-1C3D-45FB-97FD-37E6FD4E7E7A}.Release|Any CPU.Build.0 = Release|iPhoneSimulator
		{82EA8345-1C3D-45FB-97FD-37E6FD4E7E7A}.Release|Any CPU.Deploy.0 = Release|iPhoneSimulator
		{82EA8345-1C3D-45FB-97FD-37E6FD4E7E7A}.Release|iPhone.ActiveCfg = Release|iPhone
		{82EA8345-1C3D-45FB-97FD-37E6FD4E7E7A}.Release|iPhone.Build.0 = Release|iPhone
		{82EA8345-1C3D-45FB-97FD-37E6FD4E7E7A}.Release|iPhone.Deploy.0 = Release|iPhone
		{82EA8345-1C3D-45FB-97FD-37E6FD4E7E7A}.Release|iPhoneSimulator.ActiveCfg = Release|iPhoneSimulator
		{82EA8345-1C3D-45FB-97FD-37E6FD4E7E7A}.Release|iPhoneSimulator.Build.0 = Release|iPhoneSimulator
		{82EA8345-1C3D-45FB-97FD-37E6FD4E7E7A}.Release|iPhoneSimulator.Deploy.0 = Release|iPhoneSimulator
		{0E1F4B70-BF82-40DF-89FF-5D7CD7A59A7D}.Debug|Any CPU.ActiveCfg = Debug|Any CPU
		{0E1F4B70-BF82-40DF-89FF-5D7CD7A59A7D}.Debug|Any CPU.Build.0 = Debug|Any CPU
		{0E1F4B70-BF82-40DF-89FF-5D7CD7A59A7D}.Debug|Any CPU.Deploy.0 = Debug|Any CPU
		{0E1F4B70-BF82-40DF-89FF-5D7CD7A59A7D}.Debug|iPhone.ActiveCfg = Debug|Any CPU
		{0E1F4B70-BF82-40DF-89FF-5D7CD7A59A7D}.Debug|iPhone.Build.0 = Debug|Any CPU
		{0E1F4B70-BF82-40DF-89FF-5D7CD7A59A7D}.Debug|iPhone.Deploy.0 = Debug|Any CPU
		{0E1F4B70-BF82-40DF-89FF-5D7CD7A59A7D}.Debug|iPhoneSimulator.ActiveCfg = Debug|Any CPU
		{0E1F4B70-BF82-40DF-89FF-5D7CD7A59A7D}.Debug|iPhoneSimulator.Build.0 = Debug|Any CPU
		{0E1F4B70-BF82-40DF-89FF-5D7CD7A59A7D}.Debug|iPhoneSimulator.Deploy.0 = Debug|Any CPU
		{0E1F4B70-BF82-40DF-89FF-5D7CD7A59A7D}.Release|Any CPU.ActiveCfg = Release|Any CPU
		{0E1F4B70-BF82-40DF-89FF-5D7CD7A59A7D}.Release|Any CPU.Build.0 = Release|Any CPU
		{0E1F4B70-BF82-40DF-89FF-5D7CD7A59A7D}.Release|Any CPU.Deploy.0 = Release|Any CPU
		{0E1F4B70-BF82-40DF-89FF-5D7CD7A59A7D}.Release|iPhone.ActiveCfg = Release|Any CPU
		{0E1F4B70-BF82-40DF-89FF-5D7CD7A59A7D}.Release|iPhone.Build.0 = Release|Any CPU
		{0E1F4B70-BF82-40DF-89FF-5D7CD7A59A7D}.Release|iPhone.Deploy.0 = Release|Any CPU
		{0E1F4B70-BF82-40DF-89FF-5D7CD7A59A7D}.Release|iPhoneSimulator.ActiveCfg = Release|Any CPU
		{0E1F4B70-BF82-40DF-89FF-5D7CD7A59A7D}.Release|iPhoneSimulator.Build.0 = Release|Any CPU
		{0E1F4B70-BF82-40DF-89FF-5D7CD7A59A7D}.Release|iPhoneSimulator.Deploy.0 = Release|Any CPU
	EndGlobalSection
	GlobalSection(SolutionProperties) = preSolution
		HideSolutionNode = FALSE
	EndGlobalSection
	GlobalSection(ExtensibilityGlobals) = postSolution
		SolutionGuid = {4CB083A0-6742-472E-A6EE-A3B845EB275A}
	EndGlobalSection
EndGlobal
